github.com/RishabhBhatnagar/gordf v0.0.0-20200626180744-b8431cdc186e h1:1AjMaHcQPBLqlAUQgMzIZ5z/cldw0zyc6bx1dWLAOBY=
github.com/RishabhBhatnagar/gordf v0.0.0-20200626180744-b8431cdc186e/go.mod h1:yY0t7WNgF2mI8Y5DGhpNF/KUqkwQl/Imym5OtSHCpgE=
github.com/RishabhBhatnagar/gordf v0.0.0-20200626184651-ad6c1e2e5406 h1:Pzh/igGM68rXFxhnyd4woPGrFYl/COIP3ixCD5Ipoh0=
github.com/RishabhBhatnagar/gordf v0.0.0-20200626184651-ad6c1e2e5406/go.mod h1:yY0t7WNgF2mI8Y5DGhpNF/KUqkwQl/Imym5OtSHCpgE=
