github.com/RishabhBhatnagar/gordf v0.0.0-20200625081716-348ba4c45a41 h1:ejIy8l97lFUp7Waem5W1B1ZC7zTFP8RIvp6IuNVGs9k=
github.com/RishabhBhatnagar/gordf v0.0.0-20200625081716-348ba4c45a41/go.mod h1:yY0t7WNgF2mI8Y5DGhpNF/KUqkwQl/Imym5OtSHCpgE=
github.com/RishabhBhatnagar/gordf v0.0.0-20200626180744-b8431cdc186e h1:1AjMaHcQPBLqlAUQgMzIZ5z/cldw0zyc6bx1dWLAOBY=
github.com/RishabhBhatnagar/gordf v0.0.0-20200626180744-b8431cdc186e/go.mod h1:yY0t7WNgF2mI8Y5DGhpNF/KUqkwQl/Imym5OtSHCpgE=
